
Microsoft Visual Studio Solution File, Format Version 12.00
# Visual Studio 2013
VisualStudioVersion = 12.0.31101.0
MinimumVisualStudioVersion = 10.0.40219.1
Project("{FAE04EC0-301F-11D3-BF4B-00C04F79EFBC}") = "FizzBuzz", "FizzBuzz\FizzBuzz.csproj", "{23E011A4-AC90-40A6-917A-FFDAF3CF9987}"
EndProject
Project("{FAE04EC0-301F-11D3-BF4B-00C04F79EFBC}") = "FizzBuzz.Test", "FizzBuzz.Test\FizzBuzz.Test.csproj", "{F3A0AD0E-0600-4695-A8C8-E55EF850A212}"
EndProject
Global
	GlobalSection(SolutionConfigurationPlatforms) = preSolution
		Debug|Any CPU = Debug|Any CPU
		Release|Any CPU = Release|Any CPU
	EndGlobalSection
	GlobalSection(ProjectConfigurationPlatforms) = postSolution
		{23E011A4-AC90-40A6-917A-FFDAF3CF9987}.Debug|Any CPU.ActiveCfg = Debug|Any CPU
		{23E011A4-AC90-40A6-917A-FFDAF3CF9987}.Debug|Any CPU.Build.0 = Debug|Any CPU
		{23E011A4-AC90-40A6-917A-FFDAF3CF9987}.Release|Any CPU.ActiveCfg = Release|Any CPU
		{23E011A4-AC90-40A6-917A-FFDAF3CF9987}.Release|Any CPU.Build.0 = Release|Any CPU
		{F3A0AD0E-0600-4695-A8C8-E55EF850A212}.Debug|Any CPU.ActiveCfg = Debug|Any CPU
		{F3A0AD0E-0600-4695-A8C8-E55EF850A212}.Debug|Any CPU.Build.0 = Debug|Any CPU
		{F3A0AD0E-0600-4695-A8C8-E55EF850A212}.Release|Any CPU.ActiveCfg = Release|Any CPU
		{F3A0AD0E-0600-4695-A8C8-E55EF850A212}.Release|Any CPU.Build.0 = Release|Any CPU
	EndGlobalSection
	GlobalSection(SolutionProperties) = preSolution
		HideSolutionNode = FALSE
	EndGlobalSection
EndGlobal
